
Microsoft Visual Studio Solution File, Format Version 12.00
# Visual Studio 15
VisualStudioVersion = 15.0.28307.1622
MinimumVisualStudioVersion = 10.0.40219.1
Project("{FAE04EC0-301F-11D3-BF4B-00C04F79EFBC}") = "teste2021", "teste2021\teste2021.csproj", "{A33DAFE2-7060-415B-A2D6-212F02E557FC}"
EndProject
Global
	GlobalSection(SolutionConfigurationPlatforms) = preSolution
		Debug|Any CPU = Debug|Any CPU
		Release|Any CPU = Release|Any CPU
	EndGlobalSection
	GlobalSection(ProjectConfigurationPlatforms) = postSolution
		{A33DAFE2-7060-415B-A2D6-212F02E557FC}.Debug|Any CPU.ActiveCfg = Debug|Any CPU
		{A33DAFE2-7060-415B-A2D6-212F02E557FC}.Debug|Any CPU.Build.0 = Debug|Any CPU
		{A33DAFE2-7060-415B-A2D6-212F02E557FC}.Release|Any CPU.ActiveCfg = Release|Any CPU
		{A33DAFE2-7060-415B-A2D6-212F02E557FC}.Release|Any CPU.Build.0 = Release|Any CPU
	EndGlobalSection
	GlobalSection(SolutionProperties) = preSolution
		HideSolutionNode = FALSE
	EndGlobalSection
	GlobalSection(ExtensibilityGlobals) = postSolution
		SolutionGuid = {7E8889FC-A979-464E-BDD6-CFE8DD1F8A99}
	EndGlobalSection
EndGlobal
